// !$*UTF8*$!
{
	archiveVersion = 1;
	classes = {
	};
	objectVersion = 56;
	objects = {

/* Begin PBXBuildFile section */
		FA10AEDCBDCFE8590689E6DB /* ContentView.swift in Sources */ = {isa = PBXBuildFile; fileRef = 1A78B7103BB8704F3451DD7B /* ContentView.swift */; };
		E9B32C8F18DA68A0C391F768 /* TokenManager.swift in Sources */ = {isa = PBXBuildFile; fileRef = FBA080E33D28E15A94660695 /* TokenManager.swift */; };
		77B620B2E8178B647BD4C8E9 /* ApiService.swift in Sources */ = {isa = PBXBuildFile; fileRef = 0FF50773BE5289ED3EB96A63 /* ApiService.swift */; };
		FEB8AB85F200B485ADEFAB29 /* NetworkConfig.swift in Sources */ = {isa = PBXBuildFile; fileRef = 7A6AD64DA558C78CD0C4947F /* NetworkConfig.swift */; };
		D603A6B70300723A9E596BBB /* CurrencyPreferences.swift in Sources */ = {isa = PBXBuildFile; fileRef = 11BA9394F05516EAA7576778 /* CurrencyPreferences.swift */; };
		09E7D6AEE1188BADAF292BA7 /* LanguagePreferences.swift in Sources */ = {isa = PBXBuildFile; fileRef = DDD834ABC20CE090DD9225E6 /* LanguagePreferences.swift */; };
		E71467364D3288C773080B6E /* PremiumPreferences.swift in Sources */ = {isa = PBXBuildFile; fileRef = D08DF4C9ECD18D1F82833392 /* PremiumPreferences.swift */; };
		04A553E05110E7862BB89F72 /* AuthRepository.swift in Sources */ = {isa = PBXBuildFile; fileRef = 6B6E95313F247F7BF9C90CDF /* AuthRepository.swift */; };
		D7D9B06EA8034EC0EEFA2FD8 /* SubscriptionRepository.swift in Sources */ = {isa = PBXBuildFile; fileRef = 118C2E3F3381D7A4D4D38952 /* SubscriptionRepository.swift */; };
		24BA8792DD537EA690FC0C84 /* ApiRequests.swift in Sources */ = {isa = PBXBuildFile; fileRef = 8E2FB93F5478CB8F6B39CFCB /* ApiRequests.swift */; };
		7693934D387F523B2ED2C0B2 /* ApiResponses.swift in Sources */ = {isa = PBXBuildFile; fileRef = 6F12B8947E41F2BAD1699891 /* ApiResponses.swift */; };
		86EFFCABCD2226ABF01A0284 /* Subscription.swift in Sources */ = {isa = PBXBuildFile; fileRef = A2BD68CE9C44B53284EF0AD1 /* Subscription.swift */; };
		3F54EBF8C2A86A5DA06689F9 /* User.swift in Sources */ = {isa = PBXBuildFile; fileRef = 0DF0B85261E8CEAFE13E22B7 /* User.swift */; };
		24CD3E2B2658A8C284E1E3EA /* SDiOSApp.swift in Sources */ = {isa = PBXBuildFile; fileRef = FB274AB346C3E3B5909994CA /* SDiOSApp.swift */; };
		0AFBC5714E56B88C4707F9C5 /* Colors.swift in Sources */ = {isa = PBXBuildFile; fileRef = 404220FF532897AE5A374BB6 /* Colors.swift */; };
		F2045B37D9939F9AA65E6948 /* Theme.swift in Sources */ = {isa = PBXBuildFile; fileRef = B57C24E5A62F3ADE4C26A4A9 /* Theme.swift */; };
		249C4FC63AAAF5CE535DDFE2 /* Typography.swift in Sources */ = {isa = PBXBuildFile; fileRef = 6187B70873519EBA9A348B9D /* Typography.swift */; };
		4FBC81965E27D3D411D685FB /* CurrencyFormatter.swift in Sources */ = {isa = PBXBuildFile; fileRef = 6E8DFF6A62FB33A0C3FF6007 /* CurrencyFormatter.swift */; };
		B54BF578E9A24C5ACE69CA9E /* DateUtils.swift in Sources */ = {isa = PBXBuildFile; fileRef = 1E94DC3FF14E364B0989678F /* DateUtils.swift */; };
		B7D05935D51A221B817E1136 /* AddSubscriptionViewModel.swift in Sources */ = {isa = PBXBuildFile; fileRef = 9AE13A348D1647E41B406DC7 /* AddSubscriptionViewModel.swift */; };
		42C9ED61BB77EFED0368F2D4 /* AuthViewModel.swift in Sources */ = {isa = PBXBuildFile; fileRef = E7482E3C20EF360AF3CF87AE /* AuthViewModel.swift */; };
		707130966D532693491AA356 /* DashboardViewModel.swift in Sources */ = {isa = PBXBuildFile; fileRef = BA3B38F20DD104BF0130516D /* DashboardViewModel.swift */; };
		0ED74EB00262253462B10922 /* SubscriptionsViewModel.swift in Sources */ = {isa = PBXBuildFile; fileRef = 62A3AEE7025866A2314BD2C3 /* SubscriptionsViewModel.swift */; };
		54742BCC17C750BD96305524 /* LoginScreen.swift in Sources */ = {isa = PBXBuildFile; fileRef = C147B8BBE9A0357751A1534D /* LoginScreen.swift */; };
		311674AA25ACCE88B38E95E9 /* PasswordResetScreens.swift in Sources */ = {isa = PBXBuildFile; fileRef = 8BD1D5E00248F30BF69403CA /* PasswordResetScreens.swift */; };
		75A170090B2D0B11CD89FE75 /* RegisterScreen.swift in Sources */ = {isa = PBXBuildFile; fileRef = 274209B1240410884FC3FE76 /* RegisterScreen.swift */; };
		C464A54A42F99899A95EFD70 /* Components.swift in Sources */ = {isa = PBXBuildFile; fileRef = 717BA1BE95FD5535373577FC /* Components.swift */; };
		89C6D0FDF97BBF1F285EDAEF /* DashboardScreen.swift in Sources */ = {isa = PBXBuildFile; fileRef = ACF708AC60C596BD2FA38F2E /* DashboardScreen.swift */; };
		71D60AE3315D7D28DA05EA7D /* OnboardingScreen.swift in Sources */ = {isa = PBXBuildFile; fileRef = BCE98BE671E51CCF61A42C25 /* OnboardingScreen.swift */; };
		94B780D417E4CB710E7CE35D /* OtherScreens.swift in Sources */ = {isa = PBXBuildFile; fileRef = B3B5F704F073F9F23AD086FC /* OtherScreens.swift */; };
		18B72893AB2A095BFD615393 /* AppSettingsScreen.swift in Sources */ = {isa = PBXBuildFile; fileRef = 0EBC48A13F0EBCAB46307B5C /* AppSettingsScreen.swift */; };
		984904CB9E33765256623D6B /* InfoScreens.swift in Sources */ = {isa = PBXBuildFile; fileRef = 46C8F59E407661B56EBBB2EE /* InfoScreens.swift */; };
		CA3557B69A6339CBFBC6DE79 /* AddSubscriptionScreen.swift in Sources */ = {isa = PBXBuildFile; fileRef = AB1ECED8A74F346E0964186E /* AddSubscriptionScreen.swift */; };
		8D997484FC670465B27821D5 /* SubscriptionDetailsScreen.swift in Sources */ = {isa = PBXBuildFile; fileRef = 5F32674A626D46F1034AE062 /* SubscriptionDetailsScreen.swift */; };
		1BE02DF5A8BC748752B980F1 /* SubscriptionsListScreen.swift in Sources */ = {isa = PBXBuildFile; fileRef = 23BCA9FB6A13EEAB69CD8301 /* SubscriptionsListScreen.swift */; };

/* End PBXBuildFile section */

/* Begin PBXFileReference section */
		1A78B7103BB8704F3451DD7B /* ContentView.swift */ = {isa = PBXFileReference; lastKnownFileType = sourcecode.swift; path = ContentView.swift; sourceTree = "<group>"; };
		FBA080E33D28E15A94660695 /* TokenManager.swift */ = {isa = PBXFileReference; lastKnownFileType = sourcecode.swift; path = TokenManager.swift; sourceTree = "<group>"; };
		0FF50773BE5289ED3EB96A63 /* ApiService.swift */ = {isa = PBXFileReference; lastKnownFileType = sourcecode.swift; path = ApiService.swift; sourceTree = "<group>"; };
		7A6AD64DA558C78CD0C4947F /* NetworkConfig.swift */ = {isa = PBXFileReference; lastKnownFileType = sourcecode.swift; path = NetworkConfig.swift; sourceTree = "<group>"; };
		11BA9394F05516EAA7576778 /* CurrencyPreferences.swift */ = {isa = PBXFileReference; lastKnownFileType = sourcecode.swift; path = CurrencyPreferences.swift; sourceTree = "<group>"; };
		DDD834ABC20CE090DD9225E6 /* LanguagePreferences.swift */ = {isa = PBXFileReference; lastKnownFileType = sourcecode.swift; path = LanguagePreferences.swift; sourceTree = "<group>"; };
		D08DF4C9ECD18D1F82833392 /* PremiumPreferences.swift */ = {isa = PBXFileReference; lastKnownFileType = sourcecode.swift; path = PremiumPreferences.swift; sourceTree = "<group>"; };
		6B6E95313F247F7BF9C90CDF /* AuthRepository.swift */ = {isa = PBXFileReference; lastKnownFileType = sourcecode.swift; path = AuthRepository.swift; sourceTree = "<group>"; };
		118C2E3F3381D7A4D4D38952 /* SubscriptionRepository.swift */ = {isa = PBXFileReference; lastKnownFileType = sourcecode.swift; path = SubscriptionRepository.swift; sourceTree = "<group>"; };
		8E2FB93F5478CB8F6B39CFCB /* ApiRequests.swift */ = {isa = PBXFileReference; lastKnownFileType = sourcecode.swift; path = ApiRequests.swift; sourceTree = "<group>"; };
		6F12B8947E41F2BAD1699891 /* ApiResponses.swift */ = {isa = PBXFileReference; lastKnownFileType = sourcecode.swift; path = ApiResponses.swift; sourceTree = "<group>"; };
		A2BD68CE9C44B53284EF0AD1 /* Subscription.swift */ = {isa = PBXFileReference; lastKnownFileType = sourcecode.swift; path = Subscription.swift; sourceTree = "<group>"; };
		0DF0B85261E8CEAFE13E22B7 /* User.swift */ = {isa = PBXFileReference; lastKnownFileType = sourcecode.swift; path = User.swift; sourceTree = "<group>"; };
		FB274AB346C3E3B5909994CA /* SDiOSApp.swift */ = {isa = PBXFileReference; lastKnownFileType = sourcecode.swift; path = SDiOSApp.swift; sourceTree = "<group>"; };
		404220FF532897AE5A374BB6 /* Colors.swift */ = {isa = PBXFileReference; lastKnownFileType = sourcecode.swift; path = Colors.swift; sourceTree = "<group>"; };
		B57C24E5A62F3ADE4C26A4A9 /* Theme.swift */ = {isa = PBXFileReference; lastKnownFileType = sourcecode.swift; path = Theme.swift; sourceTree = "<group>"; };
		6187B70873519EBA9A348B9D /* Typography.swift */ = {isa = PBXFileReference; lastKnownFileType = sourcecode.swift; path = Typography.swift; sourceTree = "<group>"; };
		6E8DFF6A62FB33A0C3FF6007 /* CurrencyFormatter.swift */ = {isa = PBXFileReference; lastKnownFileType = sourcecode.swift; path = CurrencyFormatter.swift; sourceTree = "<group>"; };
		1E94DC3FF14E364B0989678F /* DateUtils.swift */ = {isa = PBXFileReference; lastKnownFileType = sourcecode.swift; path = DateUtils.swift; sourceTree = "<group>"; };
		9AE13A348D1647E41B406DC7 /* AddSubscriptionViewModel.swift */ = {isa = PBXFileReference; lastKnownFileType = sourcecode.swift; path = AddSubscriptionViewModel.swift; sourceTree = "<group>"; };
		E7482E3C20EF360AF3CF87AE /* AuthViewModel.swift */ = {isa = PBXFileReference; lastKnownFileType = sourcecode.swift; path = AuthViewModel.swift; sourceTree = "<group>"; };
		BA3B38F20DD104BF0130516D /* DashboardViewModel.swift */ = {isa = PBXFileReference; lastKnownFileType = sourcecode.swift; path = DashboardViewModel.swift; sourceTree = "<group>"; };
		62A3AEE7025866A2314BD2C3 /* SubscriptionsViewModel.swift */ = {isa = PBXFileReference; lastKnownFileType = sourcecode.swift; path = SubscriptionsViewModel.swift; sourceTree = "<group>"; };
		C147B8BBE9A0357751A1534D /* LoginScreen.swift */ = {isa = PBXFileReference; lastKnownFileType = sourcecode.swift; path = LoginScreen.swift; sourceTree = "<group>"; };
		8BD1D5E00248F30BF69403CA /* PasswordResetScreens.swift */ = {isa = PBXFileReference; lastKnownFileType = sourcecode.swift; path = PasswordResetScreens.swift; sourceTree = "<group>"; };
		274209B1240410884FC3FE76 /* RegisterScreen.swift */ = {isa = PBXFileReference; lastKnownFileType = sourcecode.swift; path = RegisterScreen.swift; sourceTree = "<group>"; };
		717BA1BE95FD5535373577FC /* Components.swift */ = {isa = PBXFileReference; lastKnownFileType = sourcecode.swift; path = Components.swift; sourceTree = "<group>"; };
		ACF708AC60C596BD2FA38F2E /* DashboardScreen.swift */ = {isa = PBXFileReference; lastKnownFileType = sourcecode.swift; path = DashboardScreen.swift; sourceTree = "<group>"; };
		BCE98BE671E51CCF61A42C25 /* OnboardingScreen.swift */ = {isa = PBXFileReference; lastKnownFileType = sourcecode.swift; path = OnboardingScreen.swift; sourceTree = "<group>"; };
		B3B5F704F073F9F23AD086FC /* OtherScreens.swift */ = {isa = PBXFileReference; lastKnownFileType = sourcecode.swift; path = OtherScreens.swift; sourceTree = "<group>"; };
		0EBC48A13F0EBCAB46307B5C /* AppSettingsScreen.swift */ = {isa = PBXFileReference; lastKnownFileType = sourcecode.swift; path = AppSettingsScreen.swift; sourceTree = "<group>"; };
		46C8F59E407661B56EBBB2EE /* InfoScreens.swift */ = {isa = PBXFileReference; lastKnownFileType = sourcecode.swift; path = InfoScreens.swift; sourceTree = "<group>"; };
		AB1ECED8A74F346E0964186E /* AddSubscriptionScreen.swift */ = {isa = PBXFileReference; lastKnownFileType = sourcecode.swift; path = AddSubscriptionScreen.swift; sourceTree = "<group>"; };
		5F32674A626D46F1034AE062 /* SubscriptionDetailsScreen.swift */ = {isa = PBXFileReference; lastKnownFileType = sourcecode.swift; path = SubscriptionDetailsScreen.swift; sourceTree = "<group>"; };
		23BCA9FB6A13EEAB69CD8301 /* SubscriptionsListScreen.swift */ = {isa = PBXFileReference; lastKnownFileType = sourcecode.swift; path = SubscriptionsListScreen.swift; sourceTree = "<group>"; };
		6B19A1B5F4E763EA28E5B549 /* SDiOS.app */ = {isa = PBXFileReference; explicitFileType = wrapper.application; includeInIndex = 0; path = SDiOS.app; sourceTree = BUILT_PRODUCTS_DIR; };

/* End PBXFileReference section */

/* Begin PBXGroup section */
		7E045B54350150F347EDCED5 /* SDiOS */ = {
			isa = PBXGroup;
			children = (
				1A78B7103BB8704F3451DD7B,
				43E0ED82EED9E68BAA3F20B3,
				A779EB073924FE953DFF1550,
				F26AF98439337343332B9A66,
				FB274AB346C3E3B5909994CA,
				85736F429982B61DEC8916A1,
				5AF59F4E5436F5EEF28F734E,
				15B7E4E2E8DD3587B0527B3A,
				058D0B58947265C6FB5B5194,
			);
			name = SDiOS;
			path = "";
			sourceTree = "<group>";
		};
		43E0ED82EED9E68BAA3F20B3 /* Data */ = {
			isa = PBXGroup;
			children = (
				2D2B257FCE15D398BE3DE8CD,
				49A3A94DBE28BC25F1912102,
				AD9215F16D76BA281BB9BC7E,
				17F1BBD8CCE82370B9B3B294,
			);
			name = Data;
			path = Data;
			sourceTree = "<group>";
		};
		2D2B257FCE15D398BE3DE8CD /* Local */ = {
			isa = PBXGroup;
			children = (
				FBA080E33D28E15A94660695,
			);
			name = Local;
			path = Local;
			sourceTree = "<group>";
		};
		49A3A94DBE28BC25F1912102 /* Network */ = {
			isa = PBXGroup;
			children = (
				0FF50773BE5289ED3EB96A63,
				7A6AD64DA558C78CD0C4947F,
			);
			name = Network;
			path = Network;
			sourceTree = "<group>";
		};
		AD9215F16D76BA281BB9BC7E /* Preferences */ = {
			isa = PBXGroup;
			children = (
				11BA9394F05516EAA7576778,
				DDD834ABC20CE090DD9225E6,
				D08DF4C9ECD18D1F82833392,
			);
			name = Preferences;
			path = Preferences;
			sourceTree = "<group>";
		};
		17F1BBD8CCE82370B9B3B294 /* Repository */ = {
			isa = PBXGroup;
			children = (
				6B6E95313F247F7BF9C90CDF,
				118C2E3F3381D7A4D4D38952,
			);
			name = Repository;
			path = Repository;
			sourceTree = "<group>";
		};
		A779EB073924FE953DFF1550 /* Models */ = {
			isa = PBXGroup;
			children = (
				8E2FB93F5478CB8F6B39CFCB,
				6F12B8947E41F2BAD1699891,
				A2BD68CE9C44B53284EF0AD1,
				0DF0B85261E8CEAFE13E22B7,
			);
			name = Models;
			path = Models;
			sourceTree = "<group>";
		};
		F26AF98439337343332B9A66 /* Resources */ = {
			isa = PBXGroup;
			children = (
				27E48DA97761CA8ABBBA4F15,
				FD040E218E15C2F69117148A,
			);
			name = Resources;
			path = Resources;
			sourceTree = "<group>";
		};
		85736F429982B61DEC8916A1 /* Theme */ = {
			isa = PBXGroup;
			children = (
				404220FF532897AE5A374BB6,
				B57C24E5A62F3ADE4C26A4A9,
				6187B70873519EBA9A348B9D,
			);
			name = Theme;
			path = Theme;
			sourceTree = "<group>";
		};
		5AF59F4E5436F5EEF28F734E /* Utils */ = {
			isa = PBXGroup;
			children = (
				6E8DFF6A62FB33A0C3FF6007,
				1E94DC3FF14E364B0989678F,
			);
			name = Utils;
			path = Utils;
			sourceTree = "<group>";
		};
		15B7E4E2E8DD3587B0527B3A /* ViewModels */ = {
			isa = PBXGroup;
			children = (
				9AE13A348D1647E41B406DC7,
				E7482E3C20EF360AF3CF87AE,
				BA3B38F20DD104BF0130516D,
				62A3AEE7025866A2314BD2C3,
			);
			name = ViewModels;
			path = ViewModels;
			sourceTree = "<group>";
		};
		058D0B58947265C6FB5B5194 /* Views */ = {
			isa = PBXGroup;
			children = (
				250B7CFF87699D262EA7E3E8,
				97A205B6B10E6B40B242A8CD,
				CFD6B10C800901FD4AF32905,
				7365BBB745EA1C75576C0DD8,
				57C00033B7A6C0EA0ED640B9,
				87733EB131082C96498406A9,
				1173A43F77D1A40AF0FEECF5,
			);
			name = Views;
			path = Views;
			sourceTree = "<group>";
		};
		250B7CFF87699D262EA7E3E8 /* Auth */ = {
			isa = PBXGroup;
			children = (
				C147B8BBE9A0357751A1534D,
				8BD1D5E00248F30BF69403CA,
				274209B1240410884FC3FE76,
			);
			name = Auth;
			path = Auth;
			sourceTree = "<group>";
		};
		97A205B6B10E6B40B242A8CD /* Components */ = {
			isa = PBXGroup;
			children = (
				717BA1BE95FD5535373577FC,
			);
			name = Components;
			path = Components;
			sourceTree = "<group>";
		};
		CFD6B10C800901FD4AF32905 /* Dashboard */ = {
			isa = PBXGroup;
			children = (
				ACF708AC60C596BD2FA38F2E,
			);
			name = Dashboard;
			path = Dashboard;
			sourceTree = "<group>";
		};
		7365BBB745EA1C75576C0DD8 /* Onboarding */ = {
			isa = PBXGroup;
			children = (
				BCE98BE671E51CCF61A42C25,
			);
			name = Onboarding;
			path = Onboarding;
			sourceTree = "<group>";
		};
		57C00033B7A6C0EA0ED640B9 /* Other */ = {
			isa = PBXGroup;
			children = (
				B3B5F704F073F9F23AD086FC,
			);
			name = Other;
			path = Other;
			sourceTree = "<group>";
		};
		87733EB131082C96498406A9 /* Settings */ = {
			isa = PBXGroup;
			children = (
				0EBC48A13F0EBCAB46307B5C,
				46C8F59E407661B56EBBB2EE,
			);
			name = Settings;
			path = Settings;
			sourceTree = "<group>";
		};
		1173A43F77D1A40AF0FEECF5 /* Subscriptions */ = {
			isa = PBXGroup;
			children = (
				AB1ECED8A74F346E0964186E,
				5F32674A626D46F1034AE062,
				23BCA9FB6A13EEAB69CD8301,
			);
			name = Subscriptions;
			path = Subscriptions;
			sourceTree = "<group>";
		};
		3BA09251B20EF6F4A01D4B46 /* Products */ = {
			isa = PBXGroup;
			children = (
				6B19A1B5F4E763EA28E5B549 /* SDiOS.app */,
			);
			name = Products;
			sourceTree = "<group>";
		};
		020537DE36B63640F6C34D07 = {
			isa = PBXGroup;
			children = (
				7E045B54350150F347EDCED5 /* SDiOS */,
				3BA09251B20EF6F4A01D4B46 /* Products */,
			);
			sourceTree = "<group>";
		};

/* End PBXGroup section */

/* Begin PBXVariantGroup section */

/* End PBXVariantGroup section */

/* Begin PBXNativeTarget section */
		5F788BF3D2E1767A123590B3 /* SDiOS */ = {
			isa = PBXNativeTarget;
			buildConfigurationList = BuildConfigListA /* Build configuration list for PBXNativeTarget "SDiOS" */;
			buildPhases = (
				2FE710C1002669C7731660DD /* Sources */,
				DD61EECBB98946997398073E /* Resources */,
			);
			buildRules = (
			);
			dependencies = (
			);
			name = SDiOS;
			productName = SDiOS;
			productReference = 6B19A1B5F4E763EA28E5B549 /* SDiOS.app */;
			productType = "com.apple.product-type.application";
		};
/* End PBXNativeTarget section */

/* Begin PBXProject section */
		ProjectObjectId /* Project object */ = {
			isa = PBXProject;
			attributes = {
				BuildIndependentTargetsInParallel = 1;
				LastUpgradeCheck = 1500;
				TargetAttributes = {
					5F788BF3D2E1767A123590B3 = {
						CreatedOnToolsVersion = 15.0;
					};
				};
			};
			buildConfigurationList = BuildConfigListB /* Build configuration list for PBXProject "SDiOS" */;
			compatibilityVersion = "Xcode 14.0";
			developmentRegion = en;
			hasScannedForEncodings = 0;
			knownRegions = (
				en,
				tr,
				Base,
			);
			mainGroup = 020537DE36B63640F6C34D07;
			productRefGroup = 3BA09251B20EF6F4A01D4B46 /* Products */;
			projectDirPath = "";
			projectRoot = "";
			targets = (
				5F788BF3D2E1767A123590B3 /* SDiOS */,
			);
		};
/* End PBXProject section */

/* Begin PBXResourcesBuildPhase section */
		DD61EECBB98946997398073E /* Resources */ = {
			isa = PBXResourcesBuildPhase;
			buildActionMask = 2147483647;
			files = (

			);
			runOnlyForDeploymentPostprocessing = 0;
		};
/* End PBXResourcesBuildPhase section */

/* Begin PBXSourcesBuildPhase section */
		2FE710C1002669C7731660DD /* Sources */ = {
			isa = PBXSourcesBuildPhase;
			buildActionMask = 2147483647;
			files = (
				FA10AEDCBDCFE8590689E6DB /* ContentView.swift in Sources */,
				E9B32C8F18DA68A0C391F768 /* TokenManager.swift in Sources */,
				77B620B2E8178B647BD4C8E9 /* ApiService.swift in Sources */,
				FEB8AB85F200B485ADEFAB29 /* NetworkConfig.swift in Sources */,
				D603A6B70300723A9E596BBB /* CurrencyPreferences.swift in Sources */,
				09E7D6AEE1188BADAF292BA7 /* LanguagePreferences.swift in Sources */,
				E71467364D3288C773080B6E /* PremiumPreferences.swift in Sources */,
				04A553E05110E7862BB89F72 /* AuthRepository.swift in Sources */,
				D7D9B06EA8034EC0EEFA2FD8 /* SubscriptionRepository.swift in Sources */,
				24BA8792DD537EA690FC0C84 /* ApiRequests.swift in Sources */,
				7693934D387F523B2ED2C0B2 /* ApiResponses.swift in Sources */,
				86EFFCABCD2226ABF01A0284 /* Subscription.swift in Sources */,
				3F54EBF8C2A86A5DA06689F9 /* User.swift in Sources */,
				24CD3E2B2658A8C284E1E3EA /* SDiOSApp.swift in Sources */,
				0AFBC5714E56B88C4707F9C5 /* Colors.swift in Sources */,
				F2045B37D9939F9AA65E6948 /* Theme.swift in Sources */,
				249C4FC63AAAF5CE535DDFE2 /* Typography.swift in Sources */,
				4FBC81965E27D3D411D685FB /* CurrencyFormatter.swift in Sources */,
				B54BF578E9A24C5ACE69CA9E /* DateUtils.swift in Sources */,
				B7D05935D51A221B817E1136 /* AddSubscriptionViewModel.swift in Sources */,
				42C9ED61BB77EFED0368F2D4 /* AuthViewModel.swift in Sources */,
				707130966D532693491AA356 /* DashboardViewModel.swift in Sources */,
				0ED74EB00262253462B10922 /* SubscriptionsViewModel.swift in Sources */,
				54742BCC17C750BD96305524 /* LoginScreen.swift in Sources */,
				311674AA25ACCE88B38E95E9 /* PasswordResetScreens.swift in Sources */,
				75A170090B2D0B11CD89FE75 /* RegisterScreen.swift in Sources */,
				C464A54A42F99899A95EFD70 /* Components.swift in Sources */,
				89C6D0FDF97BBF1F285EDAEF /* DashboardScreen.swift in Sources */,
				71D60AE3315D7D28DA05EA7D /* OnboardingScreen.swift in Sources */,
				94B780D417E4CB710E7CE35D /* OtherScreens.swift in Sources */,
				18B72893AB2A095BFD615393 /* AppSettingsScreen.swift in Sources */,
				984904CB9E33765256623D6B /* InfoScreens.swift in Sources */,
				CA3557B69A6339CBFBC6DE79 /* AddSubscriptionScreen.swift in Sources */,
				8D997484FC670465B27821D5 /* SubscriptionDetailsScreen.swift in Sources */,
				1BE02DF5A8BC748752B980F1 /* SubscriptionsListScreen.swift in Sources */,

			);
			runOnlyForDeploymentPostprocessing = 0;
		};
/* End PBXSourcesBuildPhase section */

/* Begin XCBuildConfiguration section */
		BuildConfigAppDebug /* Debug */ = {
			isa = XCBuildConfiguration;
			buildSettings = {
				ASSETCATALOG_COMPILER_APPICON_NAME = AppIcon;
				ASSETCATALOG_COMPILER_GLOBAL_ACCENT_COLOR_NAME = AccentColor;
				CODE_SIGN_STYLE = Automatic;
				CURRENT_PROJECT_VERSION = 1;
				DEVELOPMENT_TEAM = "";
				ENABLE_PREVIEWS = YES;
				GENERATE_INFOPLIST_FILE = YES;
				INFOPLIST_KEY_UIApplicationSceneManifest_Generation = YES;
				INFOPLIST_KEY_UIApplicationSupportsIndirectInputEvents = YES;
				INFOPLIST_KEY_UILaunchScreen_Generation = YES;
				INFOPLIST_KEY_UISupportedInterfaceOrientations_iPad = "UIInterfaceOrientationPortrait UIInterfaceOrientationPortraitUpsideDown UIInterfaceOrientationLandscapeLeft UIInterfaceOrientationLandscapeRight";
				INFOPLIST_KEY_UISupportedInterfaceOrientations_iPhone = "UIInterfaceOrientationPortrait UIInterfaceOrientationLandscapeLeft UIInterfaceOrientationLandscapeRight";
				IPHONEOS_DEPLOYMENT_TARGET = 16.0;
				MARKETING_VERSION = 1.0;
				PRODUCT_BUNDLE_IDENTIFIER = "com.subtracker.SDiOS";
				PRODUCT_NAME = "$(TARGET_NAME)";
				SWIFT_EMIT_LOC_STRINGS = YES;
				SWIFT_VERSION = 5.0;
				TARGETED_DEVICE_FAMILY = "1,2";
				WRAPPER_EXTENSION = app;
			};
			name = Debug;
		};
		BuildConfigAppRelease /* Release */ = {
			isa = XCBuildConfiguration;
			buildSettings = {
				ASSETCATALOG_COMPILER_APPICON_NAME = AppIcon;
				ASSETCATALOG_COMPILER_GLOBAL_ACCENT_COLOR_NAME = AccentColor;
				CODE_SIGN_STYLE = Automatic;
				CURRENT_PROJECT_VERSION = 1;
				DEVELOPMENT_TEAM = "";
				ENABLE_PREVIEWS = YES;
				GENERATE_INFOPLIST_FILE = YES;
				INFOPLIST_KEY_UIApplicationSceneManifest_Generation = YES;
				INFOPLIST_KEY_UIApplicationSupportsIndirectInputEvents = YES;
				INFOPLIST_KEY_UILaunchScreen_Generation = YES;
				INFOPLIST_KEY_UISupportedInterfaceOrientations_iPad = "UIInterfaceOrientationPortrait UIInterfaceOrientationPortraitUpsideDown UIInterfaceOrientationLandscapeLeft UIInterfaceOrientationLandscapeRight";
				INFOPLIST_KEY_UISupportedInterfaceOrientations_iPhone = "UIInterfaceOrientationPortrait UIInterfaceOrientationLandscapeLeft UIInterfaceOrientationLandscapeRight";
				IPHONEOS_DEPLOYMENT_TARGET = 16.0;
				MARKETING_VERSION = 1.0;
				PRODUCT_BUNDLE_IDENTIFIER = "com.subtracker.SDiOS";
				PRODUCT_NAME = "$(TARGET_NAME)";
				SWIFT_EMIT_LOC_STRINGS = YES;
				SWIFT_VERSION = 5.0;
				TARGETED_DEVICE_FAMILY = "1,2";
				WRAPPER_EXTENSION = app;
			};
			name = Release;
		};
		BuildConfigProjDebug /* Debug */ = {
			isa = XCBuildConfiguration;
			buildSettings = {
				ALWAYS_SEARCH_USER_PATHS = NO;
				CLANG_ANALYZER_NONNULL = YES;
				CLANG_ANALYZER_NUMBER_OBJECT_CONVERSION = YES_AGGRESSIVE;
				CLANG_CXX_LANGUAGE_STANDARD = "gnu++20";
				CLANG_ENABLE_MODULES = YES;
				CLANG_ENABLE_OBJC_ARC = YES;
				CLANG_ENABLE_OBJC_WEAK = YES;
				COPY_PHASE_STRIP = NO;
				DEBUG_INFORMATION_FORMAT = dwarf;
				GCC_C_LANGUAGE_STANDARD = gnu11;
				GCC_DYNAMIC_NO_PIC = NO;
				GCC_NO_COMMON_BLOCKS = YES;
				GCC_OPTIMIZATION_LEVEL = 0;
				MTL_ENABLE_DEBUG_INFO = INCLUDE_SOURCE;
				MTL_FAST_MATH = YES;
				ONLY_ACTIVE_ARCH = YES;
				SDKROOT = iphoneos;
				SWIFT_ACTIVE_COMPILATION_CONDITIONS = DEBUG;
				SWIFT_OPTIMIZATION_LEVEL = "-Onone";
			};
			name = Debug;
		};
		BuildConfigProjRelease /* Release */ = {
			isa = XCBuildConfiguration;
			buildSettings = {
				ALWAYS_SEARCH_USER_PATHS = NO;
				CLANG_ANALYZER_NONNULL = YES;
				CLANG_ANALYZER_NUMBER_OBJECT_CONVERSION = YES_AGGRESSIVE;
				CLANG_CXX_LANGUAGE_STANDARD = "gnu++20";
				CLANG_ENABLE_MODULES = YES;
				CLANG_ENABLE_OBJC_ARC = YES;
				CLANG_ENABLE_OBJC_WEAK = YES;
				COPY_PHASE_STRIP = NO;
				DEBUG_INFORMATION_FORMAT = "dwarf-with-dsym";
				ENABLE_NS_ASSERTIONS = NO;
				GCC_C_LANGUAGE_STANDARD = gnu11;
				GCC_NO_COMMON_BLOCKS = YES;
				MTL_ENABLE_DEBUG_INFO = NO;
				MTL_FAST_MATH = YES;
				SDKROOT = iphoneos;
				SWIFT_COMPILATION_MODE = wholemodule;
				SWIFT_OPTIMIZATION_LEVEL = "-O";
				VALIDATE_PRODUCT = YES;
			};
			name = Release;
		};
/* End XCBuildConfiguration section */

/* Begin XCConfigurationList section */
		BuildConfigListA /* Build configuration list for PBXNativeTarget "SDiOS" */ = {
			isa = XCConfigurationList;
			buildConfigurations = (
				BuildConfigAppDebug /* Debug */,
				BuildConfigAppRelease /* Release */,
			);
			defaultConfigurationIsVisible = 0;
			defaultConfigurationName = Release;
		};
		BuildConfigListB /* Build configuration list for PBXProject "SDiOS" */ = {
			isa = XCConfigurationList;
			buildConfigurations = (
				BuildConfigProjDebug /* Debug */,
				BuildConfigProjRelease /* Release */,
			);
			defaultConfigurationIsVisible = 0;
			defaultConfigurationName = Release;
		};
/* End XCConfigurationList section */

	};
	rootObject = ProjectObjectId /* Project object */;
}
